
Microsoft Visual Studio Solution File, Format Version 12.00
# Visual Studio Version 16
VisualStudioVersion = 16.0.29806.167
MinimumVisualStudioVersion = 10.0.40219.1
Project("{FAE04EC0-301F-11D3-BF4B-00C04F79EFBC}") = "Goodbee", "Goodbee\Goodbee.csproj", "{08AC1526-473E-4968-AF71-A19294AF2F8C}"
EndProject
Project("{FAE04EC0-301F-11D3-BF4B-00C04F79EFBC}") = "SprintingSlug", "SprintingSlug\SprintingSlug.csproj", "{B1BC8337-7C54-4523-9EAA-F1E909290B9F}"
EndProject
Project("{FAE04EC0-301F-11D3-BF4B-00C04F79EFBC}") = "SprintingSlug.Tests", "SprintingSlug.Tests\SprintingSlug.Tests.csproj", "{28840DA4-F3F7-4502-B10E-26CBA4BEC207}"
EndProject
Global
	GlobalSection(SolutionConfigurationPlatforms) = preSolution
		Debug|Any CPU = Debug|Any CPU
		Release|Any CPU = Release|Any CPU
	EndGlobalSection
	GlobalSection(ProjectConfigurationPlatforms) = postSolution
		{08AC1526-473E-4968-AF71-A19294AF2F8C}.Debug|Any CPU.ActiveCfg = Debug|Any CPU
		{08AC1526-473E-4968-AF71-A19294AF2F8C}.Debug|Any CPU.Build.0 = Debug|Any CPU
		{08AC1526-473E-4968-AF71-A19294AF2F8C}.Release|Any CPU.ActiveCfg = Release|Any CPU
		{08AC1526-473E-4968-AF71-A19294AF2F8C}.Release|Any CPU.Build.0 = Release|Any CPU
		{B1BC8337-7C54-4523-9EAA-F1E909290B9F}.Debug|Any CPU.ActiveCfg = Debug|Any CPU
		{B1BC8337-7C54-4523-9EAA-F1E909290B9F}.Debug|Any CPU.Build.0 = Debug|Any CPU
		{B1BC8337-7C54-4523-9EAA-F1E909290B9F}.Release|Any CPU.ActiveCfg = Release|Any CPU
		{B1BC8337-7C54-4523-9EAA-F1E909290B9F}.Release|Any CPU.Build.0 = Release|Any CPU
		{28840DA4-F3F7-4502-B10E-26CBA4BEC207}.Debug|Any CPU.ActiveCfg = Debug|Any CPU
		{28840DA4-F3F7-4502-B10E-26CBA4BEC207}.Debug|Any CPU.Build.0 = Debug|Any CPU
		{28840DA4-F3F7-4502-B10E-26CBA4BEC207}.Release|Any CPU.ActiveCfg = Release|Any CPU
		{28840DA4-F3F7-4502-B10E-26CBA4BEC207}.Release|Any CPU.Build.0 = Release|Any CPU
	EndGlobalSection
	GlobalSection(SolutionProperties) = preSolution
		HideSolutionNode = FALSE
	EndGlobalSection
	GlobalSection(ExtensibilityGlobals) = postSolution
		SolutionGuid = {627F405A-6ED0-40CA-9B38-D9B16A8200C1}
	EndGlobalSection
EndGlobal
